
Microsoft Visual Studio Solution File, Format Version 12.00
# Visual Studio Version 17
VisualStudioVersion = 17.0.31903.59
MinimumVisualStudioVersion = 10.0.40219.1
Project("{FAE04EC0-301F-11D3-BF4B-00C04F79EFBC}") = "Cola.Models.Core", "Cola.Models.Core\Cola.Models.Core.csproj", "{468A0851-33C8-45B4-85D7-7995002F887B}"
EndProject
Project("{FAE04EC0-301F-11D3-BF4B-00C04F79EFBC}") = "Cola.Cache", "Cola.Cache\Cola.Cache.csproj", "{7EF7781E-BF81-4ADC-8E4E-151E78823E6B}"
EndProject
Project("{FAE04EC0-301F-11D3-BF4B-00C04F79EFBC}") = "Cola.Utils", "Cola.Utils\Cola.Utils.csproj", "{F670E5D4-6114-4D14-A64E-AB2655581E65}"
EndProject
Project("{FAE04EC0-301F-11D3-BF4B-00C04F79EFBC}") = "Cola.Exception", "Cola.Exception\Cola.Exception.csproj", "{9D4FB2DE-2A46-449C-966E-F4EFD29F384A}"
EndProject
Project("{FAE04EC0-301F-11D3-BF4B-00C04F79EFBC}") = "Cola.Console", "Cola.Console\Cola.Console.csproj", "{2B038774-F124-4B90-AE46-A3A682582FF2}"
EndProject
Project("{FAE04EC0-301F-11D3-BF4B-00C04F79EFBC}") = "Cola.Log", "Cola.Log\Cola.Log.csproj", "{3A4C55E5-9340-4EFE-9867-FEB6028B8491}"
EndProject
Project("{FAE04EC0-301F-11D3-BF4B-00C04F79EFBC}") = "Cola.SnowFlake", "Cola.SnowFlake\Cola.SnowFlake.csproj", "{428D446A-12E2-43A0-886D-A439CD83857C}"
EndProject
Project("{FAE04EC0-301F-11D3-BF4B-00C04F79EFBC}") = "Cola.EF", "Cola.EF\Cola.EF.csproj", "{A30B257C-5A36-4D65-84F0-A44A6FE1C1E2}"
EndProject
Project("{FAE04EC0-301F-11D3-BF4B-00C04F79EFBC}") = "Cola.WebApi", "Cola.WebApi\Cola.WebApi.csproj", "{090417E1-95B2-48FF-B8A1-2D2E67BA4D16}"
EndProject
Project("{2150E333-8FDC-42A3-9474-1A3956D46DE8}") = "01.Cola.Models.Core", "01.Cola.Models.Core", "{18155408-2CC3-4FEE-8CCF-397F36B159B8}"
EndProject
Project("{2150E333-8FDC-42A3-9474-1A3956D46DE8}") = "02.Cola.Utils", "02.Cola.Utils", "{4500B441-2D33-4925-B250-6C020E33129D}"
EndProject
Project("{2150E333-8FDC-42A3-9474-1A3956D46DE8}") = "03.Cola.Exception", "03.Cola.Exception", "{26FE1F36-CD9B-4A88-A3A6-012485D3C370}"
EndProject
Project("{2150E333-8FDC-42A3-9474-1A3956D46DE8}") = "04.Cola.Log", "04.Cola.Log", "{BE003171-48F6-4111-B602-74F599339CD0}"
EndProject
Project("{2150E333-8FDC-42A3-9474-1A3956D46DE8}") = "05.Cola.Console", "05.Cola.Console", "{EA563A13-0985-4D79-B16B-6733A071C075}"
EndProject
Project("{2150E333-8FDC-42A3-9474-1A3956D46DE8}") = "06.Cola.SnowFlake", "06.Cola.SnowFlake", "{E8555F3E-1756-42C6-8D2D-A65E9B5990D7}"
EndProject
Project("{2150E333-8FDC-42A3-9474-1A3956D46DE8}") = "07.Cola.Cache", "07.Cola.Cache", "{BA456F09-9051-49D3-8A6B-CF0A87800B26}"
EndProject
Project("{2150E333-8FDC-42A3-9474-1A3956D46DE8}") = "08.Cola.EF", "08.Cola.EF", "{B156C74B-C387-46A7-90A0-509F3021F0B0}"
EndProject
Project("{2150E333-8FDC-42A3-9474-1A3956D46DE8}") = "09.Cola.WebApi", "09.Cola.WebApi", "{14AFB047-97E9-47E6-94BB-683B9476168D}"
EndProject
Project("{2150E333-8FDC-42A3-9474-1A3956D46DE8}") = "10.Cola.NoSql", "10.Cola.NoSql", "{9858A515-ECA0-40CE-9D4F-77E0F76E4725}"
EndProject
Project("{FAE04EC0-301F-11D3-BF4B-00C04F79EFBC}") = "Cola.NoSql", "Cola.NoSql\Cola.NoSql.csproj", "{F823FE84-1318-4490-B353-2A8E2EC23406}"
EndProject
Global
	GlobalSection(SolutionConfigurationPlatforms) = preSolution
		Debug|Any CPU = Debug|Any CPU
		Release|Any CPU = Release|Any CPU
	EndGlobalSection
	GlobalSection(SolutionProperties) = preSolution
		HideSolutionNode = FALSE
	EndGlobalSection
	GlobalSection(ProjectConfigurationPlatforms) = postSolution
		{468A0851-33C8-45B4-85D7-7995002F887B}.Debug|Any CPU.ActiveCfg = Debug|Any CPU
		{468A0851-33C8-45B4-85D7-7995002F887B}.Debug|Any CPU.Build.0 = Debug|Any CPU
		{468A0851-33C8-45B4-85D7-7995002F887B}.Release|Any CPU.ActiveCfg = Release|Any CPU
		{468A0851-33C8-45B4-85D7-7995002F887B}.Release|Any CPU.Build.0 = Release|Any CPU
		{7EF7781E-BF81-4ADC-8E4E-151E78823E6B}.Debug|Any CPU.ActiveCfg = Debug|Any CPU
		{7EF7781E-BF81-4ADC-8E4E-151E78823E6B}.Debug|Any CPU.Build.0 = Debug|Any CPU
		{7EF7781E-BF81-4ADC-8E4E-151E78823E6B}.Release|Any CPU.ActiveCfg = Release|Any CPU
		{7EF7781E-BF81-4ADC-8E4E-151E78823E6B}.Release|Any CPU.Build.0 = Release|Any CPU
		{F670E5D4-6114-4D14-A64E-AB2655581E65}.Debug|Any CPU.ActiveCfg = Debug|Any CPU
		{F670E5D4-6114-4D14-A64E-AB2655581E65}.Debug|Any CPU.Build.0 = Debug|Any CPU
		{F670E5D4-6114-4D14-A64E-AB2655581E65}.Release|Any CPU.ActiveCfg = Release|Any CPU
		{F670E5D4-6114-4D14-A64E-AB2655581E65}.Release|Any CPU.Build.0 = Release|Any CPU
		{9D4FB2DE-2A46-449C-966E-F4EFD29F384A}.Debug|Any CPU.ActiveCfg = Debug|Any CPU
		{9D4FB2DE-2A46-449C-966E-F4EFD29F384A}.Debug|Any CPU.Build.0 = Debug|Any CPU
		{9D4FB2DE-2A46-449C-966E-F4EFD29F384A}.Release|Any CPU.ActiveCfg = Release|Any CPU
		{9D4FB2DE-2A46-449C-966E-F4EFD29F384A}.Release|Any CPU.Build.0 = Release|Any CPU
		{2B038774-F124-4B90-AE46-A3A682582FF2}.Debug|Any CPU.ActiveCfg = Debug|Any CPU
		{2B038774-F124-4B90-AE46-A3A682582FF2}.Debug|Any CPU.Build.0 = Debug|Any CPU
		{2B038774-F124-4B90-AE46-A3A682582FF2}.Release|Any CPU.ActiveCfg = Release|Any CPU
		{2B038774-F124-4B90-AE46-A3A682582FF2}.Release|Any CPU.Build.0 = Release|Any CPU
		{3A4C55E5-9340-4EFE-9867-FEB6028B8491}.Debug|Any CPU.ActiveCfg = Debug|Any CPU
		{3A4C55E5-9340-4EFE-9867-FEB6028B8491}.Debug|Any CPU.Build.0 = Debug|Any CPU
		{3A4C55E5-9340-4EFE-9867-FEB6028B8491}.Release|Any CPU.ActiveCfg = Release|Any CPU
		{3A4C55E5-9340-4EFE-9867-FEB6028B8491}.Release|Any CPU.Build.0 = Release|Any CPU
		{428D446A-12E2-43A0-886D-A439CD83857C}.Debug|Any CPU.ActiveCfg = Debug|Any CPU
		{428D446A-12E2-43A0-886D-A439CD83857C}.Debug|Any CPU.Build.0 = Debug|Any CPU
		{428D446A-12E2-43A0-886D-A439CD83857C}.Release|Any CPU.ActiveCfg = Release|Any CPU
		{428D446A-12E2-43A0-886D-A439CD83857C}.Release|Any CPU.Build.0 = Release|Any CPU
		{A30B257C-5A36-4D65-84F0-A44A6FE1C1E2}.Debug|Any CPU.ActiveCfg = Debug|Any CPU
		{A30B257C-5A36-4D65-84F0-A44A6FE1C1E2}.Debug|Any CPU.Build.0 = Debug|Any CPU
		{A30B257C-5A36-4D65-84F0-A44A6FE1C1E2}.Release|Any CPU.ActiveCfg = Release|Any CPU
		{A30B257C-5A36-4D65-84F0-A44A6FE1C1E2}.Release|Any CPU.Build.0 = Release|Any CPU
		{090417E1-95B2-48FF-B8A1-2D2E67BA4D16}.Debug|Any CPU.ActiveCfg = Debug|Any CPU
		{090417E1-95B2-48FF-B8A1-2D2E67BA4D16}.Debug|Any CPU.Build.0 = Debug|Any CPU
		{090417E1-95B2-48FF-B8A1-2D2E67BA4D16}.Release|Any CPU.ActiveCfg = Release|Any CPU
		{090417E1-95B2-48FF-B8A1-2D2E67BA4D16}.Release|Any CPU.Build.0 = Release|Any CPU
		{F823FE84-1318-4490-B353-2A8E2EC23406}.Debug|Any CPU.ActiveCfg = Debug|Any CPU
		{F823FE84-1318-4490-B353-2A8E2EC23406}.Debug|Any CPU.Build.0 = Debug|Any CPU
		{F823FE84-1318-4490-B353-2A8E2EC23406}.Release|Any CPU.ActiveCfg = Release|Any CPU
		{F823FE84-1318-4490-B353-2A8E2EC23406}.Release|Any CPU.Build.0 = Release|Any CPU
	EndGlobalSection
	GlobalSection(NestedProjects) = preSolution
		{468A0851-33C8-45B4-85D7-7995002F887B} = {18155408-2CC3-4FEE-8CCF-397F36B159B8}
		{F670E5D4-6114-4D14-A64E-AB2655581E65} = {4500B441-2D33-4925-B250-6C020E33129D}
		{9D4FB2DE-2A46-449C-966E-F4EFD29F384A} = {26FE1F36-CD9B-4A88-A3A6-012485D3C370}
		{3A4C55E5-9340-4EFE-9867-FEB6028B8491} = {BE003171-48F6-4111-B602-74F599339CD0}
		{2B038774-F124-4B90-AE46-A3A682582FF2} = {EA563A13-0985-4D79-B16B-6733A071C075}
		{428D446A-12E2-43A0-886D-A439CD83857C} = {E8555F3E-1756-42C6-8D2D-A65E9B5990D7}
		{7EF7781E-BF81-4ADC-8E4E-151E78823E6B} = {BA456F09-9051-49D3-8A6B-CF0A87800B26}
		{A30B257C-5A36-4D65-84F0-A44A6FE1C1E2} = {B156C74B-C387-46A7-90A0-509F3021F0B0}
		{090417E1-95B2-48FF-B8A1-2D2E67BA4D16} = {14AFB047-97E9-47E6-94BB-683B9476168D}
		{F823FE84-1318-4490-B353-2A8E2EC23406} = {9858A515-ECA0-40CE-9D4F-77E0F76E4725}
	EndGlobalSection
EndGlobal
